
Microsoft Visual Studio Solution File, Format Version 12.00
# Visual Studio Version 17
VisualStudioVersion = 17.0.31919.166
MinimumVisualStudioVersion = 10.0.40219.1
Project("{9A19103F-16F7-4668-BE54-9A1E7A4F7556}") = "SchemaTypist.Core", "src\SchemaTypist.Core\SchemaTypist.Core.csproj", "{36B7E40D-8808-497A-BFBA-2FF424D7CCA4}"
EndProject
Project("{9A19103F-16F7-4668-BE54-9A1E7A4F7556}") = "SchemaTypist.Cli", "src\SchemaTypist.Cli\SchemaTypist.Cli.csproj", "{D98E0EEE-092D-4B38-A53C-09779C79B837}"
EndProject
Project("{9A19103F-16F7-4668-BE54-9A1E7A4F7556}") = "SchemaTypist", "src\SchemaTypist\SchemaTypist.csproj", "{3241C0E3-6957-491F-86AA-BB292C363E77}"
EndProject
Project("{9A19103F-16F7-4668-BE54-9A1E7A4F7556}") = "SchemaTypist.Core.Tests", "test\SchemaTypist.Core.Tests\SchemaTypist.Core.Tests.csproj", "{B18D33F2-F1A9-4321-8098-9AE454EA6A22}"
EndProject
Project("{2150E333-8FDC-42A3-9474-1A3956D46DE8}") = "Solution Items", "Solution Items", "{8187F539-5B57-4CBB-BD6D-859A8AB01D96}"
	ProjectSection(SolutionItems) = preProject
		.editorconfig = .editorconfig
		.github\workflows\build.yaml = .github\workflows\build.yaml
		Common.props = Common.props
		Directory.Build.props = Directory.Build.props
		Directory.Build.targets = Directory.Build.targets
		.config\dotnet-tools.json = .config\dotnet-tools.json
		.github\workflows\publish.yaml = .github\workflows\publish.yaml
		README.md = README.md
	EndProjectSection
EndProject
Project("{9A19103F-16F7-4668-BE54-9A1E7A4F7556}") = "SchemaTypist.MSBuild", "src\SchemaTypist.MSBuild\SchemaTypist.MSBuild.csproj", "{9DA84E15-7D47-4D75-B436-9281C3F6CFF4}"
EndProject
Project("{9A19103F-16F7-4668-BE54-9A1E7A4F7556}") = "SchemaTypist.SqlVendors.MicrosoftSqlServer", "src\SchemaTypist.SqlVendors.MicrosoftSqlServer\SchemaTypist.SqlVendors.MicrosoftSqlServer.csproj", "{25E30DA5-4F43-46D2-B5E9-3BDE88E02CBE}"
EndProject
Project("{9A19103F-16F7-4668-BE54-9A1E7A4F7556}") = "SchemaTypist.SqlVendors.PostgreSql", "src\SchemaTypist.SqlVendors.PostgreSql\SchemaTypist.SqlVendors.PostgreSql.csproj", "{110422D9-19B4-4C5D-BB82-3079F5FF00A9}"
EndProject
Project("{9A19103F-16F7-4668-BE54-9A1E7A4F7556}") = "SchemaTypist.Samples.Net6x.MsSqlServer", "samples\SchemaTypist.Samples.Net6x.MsSqlServer\SchemaTypist.Samples.Net6x.MsSqlServer.csproj", "{8C229684-022A-4D47-868A-4EADEDC0B3D5}"
EndProject
Project("{FAE04EC0-301F-11D3-BF4B-00C04F79EFBC}") = "SchemaTypist.Samples.NetFramework.MsSqlServer", "samples\SchemaTypist.Samples.NetFramework.MsSqlServer\SchemaTypist.Samples.NetFramework.MsSqlServer.csproj", "{9F5C9042-0BEE-4505-94B4-A3CF56319DCC}"
EndProject
Project("{9A19103F-16F7-4668-BE54-9A1E7A4F7556}") = "SchemaTypist.Samples.NetStandard20", "samples\SchemaTypist.Samples.NetStandard20\SchemaTypist.Samples.NetStandard20.csproj", "{241CB796-F294-4F1A-960A-81EE480D68B2}"
EndProject
Project("{FAE04EC0-301F-11D3-BF4B-00C04F79EFBC}") = "SchemaTypist.Samples.NetStandard20.Postgres", "samples\SchemaTypist.Samples.NetStandard20.Postgres\SchemaTypist.Samples.NetStandard20.Postgres.csproj", "{0B9F2D55-4C69-4914-BD60-8265DAA74AA8}"
EndProject
Project("{FAE04EC0-301F-11D3-BF4B-00C04F79EFBC}") = "SchemaTypist.Samples.Postgres.NetCore", "samples\SchemaTypist.Samples.Postgres.NetCore\SchemaTypist.Samples.Postgres.NetCore.csproj", "{5FEE8723-1BA4-4045-856E-E7C87ECF7E7A}"
EndProject
Global
	GlobalSection(SolutionConfigurationPlatforms) = preSolution
		Debug|Any CPU = Debug|Any CPU
		Generate|Any CPU = Generate|Any CPU
		Release|Any CPU = Release|Any CPU
	EndGlobalSection
	GlobalSection(ProjectConfigurationPlatforms) = postSolution
		{36B7E40D-8808-497A-BFBA-2FF424D7CCA4}.Debug|Any CPU.ActiveCfg = Debug|Any CPU
		{36B7E40D-8808-497A-BFBA-2FF424D7CCA4}.Debug|Any CPU.Build.0 = Debug|Any CPU
		{36B7E40D-8808-497A-BFBA-2FF424D7CCA4}.Generate|Any CPU.ActiveCfg = Release|Any CPU
		{36B7E40D-8808-497A-BFBA-2FF424D7CCA4}.Release|Any CPU.ActiveCfg = Release|Any CPU
		{36B7E40D-8808-497A-BFBA-2FF424D7CCA4}.Release|Any CPU.Build.0 = Release|Any CPU
		{D98E0EEE-092D-4B38-A53C-09779C79B837}.Debug|Any CPU.ActiveCfg = Debug|Any CPU
		{D98E0EEE-092D-4B38-A53C-09779C79B837}.Debug|Any CPU.Build.0 = Debug|Any CPU
		{D98E0EEE-092D-4B38-A53C-09779C79B837}.Generate|Any CPU.ActiveCfg = Release|Any CPU
		{D98E0EEE-092D-4B38-A53C-09779C79B837}.Release|Any CPU.ActiveCfg = Release|Any CPU
		{D98E0EEE-092D-4B38-A53C-09779C79B837}.Release|Any CPU.Build.0 = Release|Any CPU
		{3241C0E3-6957-491F-86AA-BB292C363E77}.Debug|Any CPU.ActiveCfg = Debug|Any CPU
		{3241C0E3-6957-491F-86AA-BB292C363E77}.Debug|Any CPU.Build.0 = Debug|Any CPU
		{3241C0E3-6957-491F-86AA-BB292C363E77}.Generate|Any CPU.ActiveCfg = Release|Any CPU
		{3241C0E3-6957-491F-86AA-BB292C363E77}.Release|Any CPU.ActiveCfg = Release|Any CPU
		{3241C0E3-6957-491F-86AA-BB292C363E77}.Release|Any CPU.Build.0 = Release|Any CPU
		{B18D33F2-F1A9-4321-8098-9AE454EA6A22}.Debug|Any CPU.ActiveCfg = Debug|Any CPU
		{B18D33F2-F1A9-4321-8098-9AE454EA6A22}.Debug|Any CPU.Build.0 = Debug|Any CPU
		{B18D33F2-F1A9-4321-8098-9AE454EA6A22}.Generate|Any CPU.ActiveCfg = Release|Any CPU
		{B18D33F2-F1A9-4321-8098-9AE454EA6A22}.Release|Any CPU.ActiveCfg = Release|Any CPU
		{B18D33F2-F1A9-4321-8098-9AE454EA6A22}.Release|Any CPU.Build.0 = Release|Any CPU
		{9DA84E15-7D47-4D75-B436-9281C3F6CFF4}.Debug|Any CPU.ActiveCfg = Debug|Any CPU
		{9DA84E15-7D47-4D75-B436-9281C3F6CFF4}.Debug|Any CPU.Build.0 = Debug|Any CPU
		{9DA84E15-7D47-4D75-B436-9281C3F6CFF4}.Generate|Any CPU.ActiveCfg = Release|Any CPU
		{9DA84E15-7D47-4D75-B436-9281C3F6CFF4}.Release|Any CPU.ActiveCfg = Release|Any CPU
		{9DA84E15-7D47-4D75-B436-9281C3F6CFF4}.Release|Any CPU.Build.0 = Release|Any CPU
		{25E30DA5-4F43-46D2-B5E9-3BDE88E02CBE}.Debug|Any CPU.ActiveCfg = Debug|Any CPU
		{25E30DA5-4F43-46D2-B5E9-3BDE88E02CBE}.Debug|Any CPU.Build.0 = Debug|Any CPU
		{25E30DA5-4F43-46D2-B5E9-3BDE88E02CBE}.Generate|Any CPU.ActiveCfg = Release|Any CPU
		{25E30DA5-4F43-46D2-B5E9-3BDE88E02CBE}.Release|Any CPU.ActiveCfg = Release|Any CPU
		{25E30DA5-4F43-46D2-B5E9-3BDE88E02CBE}.Release|Any CPU.Build.0 = Release|Any CPU
		{110422D9-19B4-4C5D-BB82-3079F5FF00A9}.Debug|Any CPU.ActiveCfg = Debug|Any CPU
		{110422D9-19B4-4C5D-BB82-3079F5FF00A9}.Debug|Any CPU.Build.0 = Debug|Any CPU
		{110422D9-19B4-4C5D-BB82-3079F5FF00A9}.Generate|Any CPU.ActiveCfg = Release|Any CPU
		{110422D9-19B4-4C5D-BB82-3079F5FF00A9}.Release|Any CPU.ActiveCfg = Release|Any CPU
		{110422D9-19B4-4C5D-BB82-3079F5FF00A9}.Release|Any CPU.Build.0 = Release|Any CPU
		{8C229684-022A-4D47-868A-4EADEDC0B3D5}.Debug|Any CPU.ActiveCfg = Debug|Any CPU
		{8C229684-022A-4D47-868A-4EADEDC0B3D5}.Debug|Any CPU.Build.0 = Debug|Any CPU
		{8C229684-022A-4D47-868A-4EADEDC0B3D5}.Generate|Any CPU.ActiveCfg = Generate|Any CPU
		{8C229684-022A-4D47-868A-4EADEDC0B3D5}.Release|Any CPU.ActiveCfg = Release|Any CPU
		{8C229684-022A-4D47-868A-4EADEDC0B3D5}.Release|Any CPU.Build.0 = Release|Any CPU
		{9F5C9042-0BEE-4505-94B4-A3CF56319DCC}.Debug|Any CPU.ActiveCfg = Debug|Any CPU
		{9F5C9042-0BEE-4505-94B4-A3CF56319DCC}.Debug|Any CPU.Build.0 = Debug|Any CPU
		{9F5C9042-0BEE-4505-94B4-A3CF56319DCC}.Generate|Any CPU.ActiveCfg = Generate|Any CPU
		{9F5C9042-0BEE-4505-94B4-A3CF56319DCC}.Release|Any CPU.ActiveCfg = Release|Any CPU
		{241CB796-F294-4F1A-960A-81EE480D68B2}.Debug|Any CPU.ActiveCfg = Debug|Any CPU
		{241CB796-F294-4F1A-960A-81EE480D68B2}.Debug|Any CPU.Build.0 = Debug|Any CPU
		{241CB796-F294-4F1A-960A-81EE480D68B2}.Generate|Any CPU.ActiveCfg = Generate|Any CPU
		{241CB796-F294-4F1A-960A-81EE480D68B2}.Release|Any CPU.ActiveCfg = Release|Any CPU
		{241CB796-F294-4F1A-960A-81EE480D68B2}.Release|Any CPU.Build.0 = Release|Any CPU
		{0B9F2D55-4C69-4914-BD60-8265DAA74AA8}.Debug|Any CPU.ActiveCfg = Debug|Any CPU
		{0B9F2D55-4C69-4914-BD60-8265DAA74AA8}.Debug|Any CPU.Build.0 = Debug|Any CPU
		{0B9F2D55-4C69-4914-BD60-8265DAA74AA8}.Generate|Any CPU.ActiveCfg = Debug|Any CPU
		{0B9F2D55-4C69-4914-BD60-8265DAA74AA8}.Release|Any CPU.ActiveCfg = Release|Any CPU
		{0B9F2D55-4C69-4914-BD60-8265DAA74AA8}.Release|Any CPU.Build.0 = Release|Any CPU
		{5FEE8723-1BA4-4045-856E-E7C87ECF7E7A}.Debug|Any CPU.ActiveCfg = Debug|Any CPU
		{5FEE8723-1BA4-4045-856E-E7C87ECF7E7A}.Debug|Any CPU.Build.0 = Debug|Any CPU
		{5FEE8723-1BA4-4045-856E-E7C87ECF7E7A}.Release|Any CPU.ActiveCfg = Release|Any CPU
		{5FEE8723-1BA4-4045-856E-E7C87ECF7E7A}.Release|Any CPU.Build.0 = Release|Any CPU
		{5FEE8723-1BA4-4045-856E-E7C87ECF7E7A}.Generate|Any CPU.ActiveCfg = Generate|Any CPU
		{5FEE8723-1BA4-4045-856E-E7C87ECF7E7A}.Generate|Any CPU.Build.0 = Generate|Any CPU
	EndGlobalSection
	GlobalSection(SolutionProperties) = preSolution
		HideSolutionNode = FALSE
	EndGlobalSection
	GlobalSection(ExtensibilityGlobals) = postSolution
		SolutionGuid = {A594F901-DDF4-4893-892F-FB909843C24E}
	EndGlobalSection
EndGlobal
